
Microsoft Visual Studio Solution File, Format Version 12.00
# Visual Studio Version 17
VisualStudioVersion = 17.5.002.0
MinimumVisualStudioVersion = 10.0.40219.1
Project("{9A19103F-16F7-4668-BE54-9A1E7A4F7556}") = "mis-221-lab-2-jwtolen", "mis-221-lab-2-jwtolen.csproj", "{74D30A22-4343-41C1-BE57-1DB6FB2AB3EE}"
EndProject
Global
	GlobalSection(SolutionConfigurationPlatforms) = preSolution
		Debug|Any CPU = Debug|Any CPU
		Release|Any CPU = Release|Any CPU
	EndGlobalSection
	GlobalSection(ProjectConfigurationPlatforms) = postSolution
		{74D30A22-4343-41C1-BE57-1DB6FB2AB3EE}.Debug|Any CPU.ActiveCfg = Debug|Any CPU
		{74D30A22-4343-41C1-BE57-1DB6FB2AB3EE}.Debug|Any CPU.Build.0 = Debug|Any CPU
		{74D30A22-4343-41C1-BE57-1DB6FB2AB3EE}.Release|Any CPU.ActiveCfg = Release|Any CPU
		{74D30A22-4343-41C1-BE57-1DB6FB2AB3EE}.Release|Any CPU.Build.0 = Release|Any CPU
	EndGlobalSection
	GlobalSection(SolutionProperties) = preSolution
		HideSolutionNode = FALSE
	EndGlobalSection
	GlobalSection(ExtensibilityGlobals) = postSolution
		SolutionGuid = {846C9A74-8577-42B6-9618-EFC54505179E}
	EndGlobalSection
EndGlobal
